// !$*UTF8*$!
{
	archiveVersion = 1;
	classes = {
	};
	objectVersion = 56;
	objects = {

/* Begin PBXBuildFile section */
		2732141F2AA6CAC6009E67F6 /* RizziApp.swift in Sources */ = {isa = PBXBuildFile; fileRef = 2732141E2AA6CAC6009E67F6 /* RizziApp.swift */; };
		273214212AA6CAC6009E67F6 /* ContentView.swift in Sources */ = {isa = PBXBuildFile; fileRef = 273214202AA6CAC6009E67F6 /* ContentView.swift */; };
		273214232AA6CAC7009E67F6 /* Assets.xcassets in Resources */ = {isa = PBXBuildFile; fileRef = 273214222AA6CAC7009E67F6 /* Assets.xcassets */; };
		273214262AA6CAC7009E67F6 /* Preview Assets.xcassets in Resources */ = {isa = PBXBuildFile; fileRef = 273214252AA6CAC7009E67F6 /* Preview Assets.xcassets */; };
		273214282AA6CAC7009E67F6 /* Persistence.swift in Sources */ = {isa = PBXBuildFile; fileRef = 273214272AA6CAC7009E67F6 /* Persistence.swift */; };
		2732142B2AA6CAC7009E67F6 /* Rizzi.xcdatamodeld in Sources */ = {isa = PBXBuildFile; fileRef = 273214292AA6CAC7009E67F6 /* Rizzi.xcdatamodeld */; };
		2732143D2AA6DB37009E67F6 /* Task+CoreDataClass.swift in Sources */ = {isa = PBXBuildFile; fileRef = 273214392AA6DB37009E67F6 /* Task+CoreDataClass.swift */; };
		2732143E2AA6DB37009E67F6 /* Task+CoreDataProperties.swift in Sources */ = {isa = PBXBuildFile; fileRef = 2732143A2AA6DB37009E67F6 /* Task+CoreDataProperties.swift */; };
		2732143F2AA6DB37009E67F6 /* Category+CoreDataClass.swift in Sources */ = {isa = PBXBuildFile; fileRef = 2732143B2AA6DB37009E67F6 /* Category+CoreDataClass.swift */; };
		273214402AA6DB37009E67F6 /* Category+CoreDataProperties.swift in Sources */ = {isa = PBXBuildFile; fileRef = 2732143C2AA6DB37009E67F6 /* Category+CoreDataProperties.swift */; };
		273214492AA6FD35009E67F6 /* Route.swift in Sources */ = {isa = PBXBuildFile; fileRef = 273214482AA6FD35009E67F6 /* Route.swift */; };
		2732144C2AA6FD9A009E67F6 /* CategoryViewModel.swift in Sources */ = {isa = PBXBuildFile; fileRef = 2732144B2AA6FD9A009E67F6 /* CategoryViewModel.swift */; };
		2732144E2AA6FDA3009E67F6 /* TaskViewModel.swift in Sources */ = {isa = PBXBuildFile; fileRef = 2732144D2AA6FDA3009E67F6 /* TaskViewModel.swift */; };
		273214522AA6FEC9009E67F6 /* TaskListView.swift in Sources */ = {isa = PBXBuildFile; fileRef = 273214512AA6FEC9009E67F6 /* TaskListView.swift */; };
		273214542AA6FED5009E67F6 /* TaskListViewItem.swift in Sources */ = {isa = PBXBuildFile; fileRef = 273214532AA6FED5009E67F6 /* TaskListViewItem.swift */; };
		273214572AA6FF52009E67F6 /* Colors.swift in Sources */ = {isa = PBXBuildFile; fileRef = 273214562AA6FF52009E67F6 /* Colors.swift */; };
		2732145B2AA75FE0009E67F6 /* NewTaskView.swift in Sources */ = {isa = PBXBuildFile; fileRef = 2732145A2AA75FE0009E67F6 /* NewTaskView.swift */; };
		2732145E2AA85A36009E67F6 /* DateExtenstions.swift in Sources */ = {isa = PBXBuildFile; fileRef = 2732145D2AA85A36009E67F6 /* DateExtenstions.swift */; };
		273214602AA8808C009E67F6 /* TaskListViewSection.swift in Sources */ = {isa = PBXBuildFile; fileRef = 2732145F2AA8808C009E67F6 /* TaskListViewSection.swift */; };
		273214632AA8A07B009E67F6 /* NewCategoryView.swift in Sources */ = {isa = PBXBuildFile; fileRef = 273214622AA8A07B009E67F6 /* NewCategoryView.swift */; };
		27CCFFC32AA9652D00FF38A3 /* ToggleStyle.swift in Sources */ = {isa = PBXBuildFile; fileRef = 27CCFFC22AA9652D00FF38A3 /* ToggleStyle.swift */; };
/* End PBXBuildFile section */

/* Begin PBXFileReference section */
		2732141B2AA6CAC6009E67F6 /* Rizzi.app */ = {isa = PBXFileReference; explicitFileType = wrapper.application; includeInIndex = 0; path = Rizzi.app; sourceTree = BUILT_PRODUCTS_DIR; };
		2732141E2AA6CAC6009E67F6 /* RizziApp.swift */ = {isa = PBXFileReference; lastKnownFileType = sourcecode.swift; path = RizziApp.swift; sourceTree = "<group>"; };
		273214202AA6CAC6009E67F6 /* ContentView.swift */ = {isa = PBXFileReference; lastKnownFileType = sourcecode.swift; path = ContentView.swift; sourceTree = "<group>"; };
		273214222AA6CAC7009E67F6 /* Assets.xcassets */ = {isa = PBXFileReference; lastKnownFileType = folder.assetcatalog; path = Assets.xcassets; sourceTree = "<group>"; };
		273214252AA6CAC7009E67F6 /* Preview Assets.xcassets */ = {isa = PBXFileReference; lastKnownFileType = folder.assetcatalog; path = "Preview Assets.xcassets"; sourceTree = "<group>"; };
		273214272AA6CAC7009E67F6 /* Persistence.swift */ = {isa = PBXFileReference; lastKnownFileType = sourcecode.swift; path = Persistence.swift; sourceTree = "<group>"; };
		2732142A2AA6CAC7009E67F6 /* Rizzi.xcdatamodel */ = {isa = PBXFileReference; lastKnownFileType = wrapper.xcdatamodel; path = Rizzi.xcdatamodel; sourceTree = "<group>"; };
		273214392AA6DB37009E67F6 /* Task+CoreDataClass.swift */ = {isa = PBXFileReference; lastKnownFileType = sourcecode.swift; path = "Task+CoreDataClass.swift"; sourceTree = "<group>"; };
		2732143A2AA6DB37009E67F6 /* Task+CoreDataProperties.swift */ = {isa = PBXFileReference; lastKnownFileType = sourcecode.swift; path = "Task+CoreDataProperties.swift"; sourceTree = "<group>"; };
		2732143B2AA6DB37009E67F6 /* Category+CoreDataClass.swift */ = {isa = PBXFileReference; lastKnownFileType = sourcecode.swift; path = "Category+CoreDataClass.swift"; sourceTree = "<group>"; };
		2732143C2AA6DB37009E67F6 /* Category+CoreDataProperties.swift */ = {isa = PBXFileReference; lastKnownFileType = sourcecode.swift; path = "Category+CoreDataProperties.swift"; sourceTree = "<group>"; };
		273214482AA6FD35009E67F6 /* Route.swift */ = {isa = PBXFileReference; lastKnownFileType = sourcecode.swift; path = Route.swift; sourceTree = "<group>"; };
		2732144B2AA6FD9A009E67F6 /* CategoryViewModel.swift */ = {isa = PBXFileReference; lastKnownFileType = sourcecode.swift; path = CategoryViewModel.swift; sourceTree = "<group>"; };
		2732144D2AA6FDA3009E67F6 /* TaskViewModel.swift */ = {isa = PBXFileReference; lastKnownFileType = sourcecode.swift; path = TaskViewModel.swift; sourceTree = "<group>"; };
		273214512AA6FEC9009E67F6 /* TaskListView.swift */ = {isa = PBXFileReference; lastKnownFileType = sourcecode.swift; path = TaskListView.swift; sourceTree = "<group>"; };
		273214532AA6FED5009E67F6 /* TaskListViewItem.swift */ = {isa = PBXFileReference; lastKnownFileType = sourcecode.swift; path = TaskListViewItem.swift; sourceTree = "<group>"; };
		273214562AA6FF52009E67F6 /* Colors.swift */ = {isa = PBXFileReference; lastKnownFileType = sourcecode.swift; path = Colors.swift; sourceTree = "<group>"; };
		2732145A2AA75FE0009E67F6 /* NewTaskView.swift */ = {isa = PBXFileReference; lastKnownFileType = sourcecode.swift; path = NewTaskView.swift; sourceTree = "<group>"; };
		2732145D2AA85A36009E67F6 /* DateExtenstions.swift */ = {isa = PBXFileReference; lastKnownFileType = sourcecode.swift; path = DateExtenstions.swift; sourceTree = "<group>"; };
		2732145F2AA8808C009E67F6 /* TaskListViewSection.swift */ = {isa = PBXFileReference; lastKnownFileType = sourcecode.swift; path = TaskListViewSection.swift; sourceTree = "<group>"; };
		273214622AA8A07B009E67F6 /* NewCategoryView.swift */ = {isa = PBXFileReference; lastKnownFileType = sourcecode.swift; path = NewCategoryView.swift; sourceTree = "<group>"; };
		27CCFFC22AA9652D00FF38A3 /* ToggleStyle.swift */ = {isa = PBXFileReference; lastKnownFileType = sourcecode.swift; path = ToggleStyle.swift; sourceTree = "<group>"; };
/* End PBXFileReference section */

/* Begin PBXFrameworksBuildPhase section */
		273214182AA6CAC6009E67F6 /* Frameworks */ = {
			isa = PBXFrameworksBuildPhase;
			buildActionMask = 2147483647;
			files = (
			);
			runOnlyForDeploymentPostprocessing = 0;
		};
/* End PBXFrameworksBuildPhase section */

/* Begin PBXGroup section */
		273214122AA6CAC6009E67F6 = {
			isa = PBXGroup;
			children = (
				2732141D2AA6CAC6009E67F6 /* Rizzi */,
				2732141C2AA6CAC6009E67F6 /* Products */,
			);
			sourceTree = "<group>";
		};
		2732141C2AA6CAC6009E67F6 /* Products */ = {
			isa = PBXGroup;
			children = (
				2732141B2AA6CAC6009E67F6 /* Rizzi.app */,
			);
			name = Products;
			sourceTree = "<group>";
		};
		2732141D2AA6CAC6009E67F6 /* Rizzi */ = {
			isa = PBXGroup;
			children = (
				2732145C2AA85A1C009E67F6 /* Extensions */,
				2732144A2AA6FD7E009E67F6 /* ViewModels */,
				273214472AA6DD08009E67F6 /* Utils */,
				273214422AA6DBB5009E67F6 /* Views */,
				273214412AA6DB3B009E67F6 /* Database+Models */,
				273214222AA6CAC7009E67F6 /* Assets.xcassets */,
				2732141E2AA6CAC6009E67F6 /* RizziApp.swift */,
				273214202AA6CAC6009E67F6 /* ContentView.swift */,
				273214242AA6CAC7009E67F6 /* Preview Content */,
			);
			path = Rizzi;
			sourceTree = "<group>";
		};
		273214242AA6CAC7009E67F6 /* Preview Content */ = {
			isa = PBXGroup;
			children = (
				273214252AA6CAC7009E67F6 /* Preview Assets.xcassets */,
			);
			path = "Preview Content";
			sourceTree = "<group>";
		};
		273214412AA6DB3B009E67F6 /* Database+Models */ = {
			isa = PBXGroup;
			children = (
				273214292AA6CAC7009E67F6 /* Rizzi.xcdatamodeld */,
				273214432AA6DBEE009E67F6 /* Model */,
				273214272AA6CAC7009E67F6 /* Persistence.swift */,
			);
			path = "Database+Models";
			sourceTree = "<group>";
		};
		273214422AA6DBB5009E67F6 /* Views */ = {
			isa = PBXGroup;
			children = (
				273214452AA6DC7E009E67F6 /* Components */,
				273214442AA6DC69009E67F6 /* Layouts */,
				273214482AA6FD35009E67F6 /* Route.swift */,
			);
			path = Views;
			sourceTree = "<group>";
		};
		273214432AA6DBEE009E67F6 /* Model */ = {
			isa = PBXGroup;
			children = (
				273214392AA6DB37009E67F6 /* Task+CoreDataClass.swift */,
				2732143A2AA6DB37009E67F6 /* Task+CoreDataProperties.swift */,
				2732143B2AA6DB37009E67F6 /* Category+CoreDataClass.swift */,
				2732143C2AA6DB37009E67F6 /* Category+CoreDataProperties.swift */,
			);
			path = Model;
			sourceTree = "<group>";
		};
		273214442AA6DC69009E67F6 /* Layouts */ = {
			isa = PBXGroup;
			children = (
				273214552AA6FEDD009E67F6 /* TaskListView */,
			);
			path = Layouts;
			sourceTree = "<group>";
		};
		273214452AA6DC7E009E67F6 /* Components */ = {
			isa = PBXGroup;
			children = (
				27CCFFC12AA9650700FF38A3 /* ComponentsStyle */,
				273214612AA8808F009E67F6 /* TaskListView */,
			);
			path = Components;
			sourceTree = "<group>";
		};
		273214472AA6DD08009E67F6 /* Utils */ = {
			isa = PBXGroup;
			children = (
				273214562AA6FF52009E67F6 /* Colors.swift */,
			);
			path = Utils;
			sourceTree = "<group>";
		};
		2732144A2AA6FD7E009E67F6 /* ViewModels */ = {
			isa = PBXGroup;
			children = (
				2732144B2AA6FD9A009E67F6 /* CategoryViewModel.swift */,
				2732144D2AA6FDA3009E67F6 /* TaskViewModel.swift */,
			);
			path = ViewModels;
			sourceTree = "<group>";
		};
		273214552AA6FEDD009E67F6 /* TaskListView */ = {
			isa = PBXGroup;
			children = (
				273214592AA75FD6009E67F6 /* Modal */,
				273214512AA6FEC9009E67F6 /* TaskListView.swift */,
			);
			path = TaskListView;
			sourceTree = "<group>";
		};
		273214592AA75FD6009E67F6 /* Modal */ = {
			isa = PBXGroup;
			children = (
				2732145A2AA75FE0009E67F6 /* NewTaskView.swift */,
				273214622AA8A07B009E67F6 /* NewCategoryView.swift */,
			);
			path = Modal;
			sourceTree = "<group>";
		};
		2732145C2AA85A1C009E67F6 /* Extensions */ = {
			isa = PBXGroup;
			children = (
				2732145D2AA85A36009E67F6 /* DateExtenstions.swift */,
			);
			path = Extensions;
			sourceTree = "<group>";
		};
		273214612AA8808F009E67F6 /* TaskListView */ = {
			isa = PBXGroup;
			children = (
				273214532AA6FED5009E67F6 /* TaskListViewItem.swift */,
				2732145F2AA8808C009E67F6 /* TaskListViewSection.swift */,
			);
			path = TaskListView;
			sourceTree = "<group>";
		};
		27CCFFC12AA9650700FF38A3 /* ComponentsStyle */ = {
			isa = PBXGroup;
			children = (
				27CCFFC22AA9652D00FF38A3 /* ToggleStyle.swift */,
			);
			path = ComponentsStyle;
			sourceTree = "<group>";
		};
/* End PBXGroup section */

/* Begin PBXNativeTarget section */
		2732141A2AA6CAC6009E67F6 /* Rizzi */ = {
			isa = PBXNativeTarget;
			buildConfigurationList = 2732142E2AA6CAC7009E67F6 /* Build configuration list for PBXNativeTarget "Rizzi" */;
			buildPhases = (
				273214172AA6CAC6009E67F6 /* Sources */,
				273214182AA6CAC6009E67F6 /* Frameworks */,
				273214192AA6CAC6009E67F6 /* Resources */,
			);
			buildRules = (
			);
			dependencies = (
			);
			name = Rizzi;
			productName = Rizzi;
			productReference = 2732141B2AA6CAC6009E67F6 /* Rizzi.app */;
			productType = "com.apple.product-type.application";
		};
/* End PBXNativeTarget section */

/* Begin PBXProject section */
		273214132AA6CAC6009E67F6 /* Project object */ = {
			isa = PBXProject;
			attributes = {
				BuildIndependentTargetsInParallel = 1;
				LastSwiftUpdateCheck = 1430;
				LastUpgradeCheck = 1430;
				TargetAttributes = {
					2732141A2AA6CAC6009E67F6 = {
						CreatedOnToolsVersion = 14.3.1;
					};
				};
			};
			buildConfigurationList = 273214162AA6CAC6009E67F6 /* Build configuration list for PBXProject "Rizzi" */;
			compatibilityVersion = "Xcode 14.0";
			developmentRegion = en;
			hasScannedForEncodings = 0;
			knownRegions = (
				en,
				Base,
			);
			mainGroup = 273214122AA6CAC6009E67F6;
			productRefGroup = 2732141C2AA6CAC6009E67F6 /* Products */;
			projectDirPath = "";
			projectRoot = "";
			targets = (
				2732141A2AA6CAC6009E67F6 /* Rizzi */,
			);
		};
/* End PBXProject section */

/* Begin PBXResourcesBuildPhase section */
		273214192AA6CAC6009E67F6 /* Resources */ = {
			isa = PBXResourcesBuildPhase;
			buildActionMask = 2147483647;
			files = (
				273214262AA6CAC7009E67F6 /* Preview Assets.xcassets in Resources */,
				273214232AA6CAC7009E67F6 /* Assets.xcassets in Resources */,
			);
			runOnlyForDeploymentPostprocessing = 0;
		};
/* End PBXResourcesBuildPhase section */

/* Begin PBXSourcesBuildPhase section */
		273214172AA6CAC6009E67F6 /* Sources */ = {
			isa = PBXSourcesBuildPhase;
			buildActionMask = 2147483647;
			files = (
				2732144E2AA6FDA3009E67F6 /* TaskViewModel.swift in Sources */,
				273214492AA6FD35009E67F6 /* Route.swift in Sources */,
				2732145E2AA85A36009E67F6 /* DateExtenstions.swift in Sources */,
				273214282AA6CAC7009E67F6 /* Persistence.swift in Sources */,
				273214572AA6FF52009E67F6 /* Colors.swift in Sources */,
				27CCFFC32AA9652D00FF38A3 /* ToggleStyle.swift in Sources */,
				273214602AA8808C009E67F6 /* TaskListViewSection.swift in Sources */,
				2732144C2AA6FD9A009E67F6 /* CategoryViewModel.swift in Sources */,
				2732143D2AA6DB37009E67F6 /* Task+CoreDataClass.swift in Sources */,
				2732143F2AA6DB37009E67F6 /* Category+CoreDataClass.swift in Sources */,
				273214212AA6CAC6009E67F6 /* ContentView.swift in Sources */,
				2732142B2AA6CAC7009E67F6 /* Rizzi.xcdatamodeld in Sources */,
				2732143E2AA6DB37009E67F6 /* Task+CoreDataProperties.swift in Sources */,
				2732141F2AA6CAC6009E67F6 /* RizziApp.swift in Sources */,
				2732145B2AA75FE0009E67F6 /* NewTaskView.swift in Sources */,
				273214402AA6DB37009E67F6 /* Category+CoreDataProperties.swift in Sources */,
				273214522AA6FEC9009E67F6 /* TaskListView.swift in Sources */,
				273214542AA6FED5009E67F6 /* TaskListViewItem.swift in Sources */,
				273214632AA8A07B009E67F6 /* NewCategoryView.swift in Sources */,
			);
			runOnlyForDeploymentPostprocessing = 0;
		};
/* End PBXSourcesBuildPhase section */

/* Begin XCBuildConfiguration section */
		2732142C2AA6CAC7009E67F6 /* Debug */ = {
			isa = XCBuildConfiguration;
			buildSettings = {
				ALWAYS_SEARCH_USER_PATHS = NO;
				CLANG_ANALYZER_NONNULL = YES;
				CLANG_ANALYZER_NUMBER_OBJECT_CONVERSION = YES_AGGRESSIVE;
				CLANG_CXX_LANGUAGE_STANDARD = "gnu++20";
				CLANG_ENABLE_MODULES = YES;
				CLANG_ENABLE_OBJC_ARC = YES;
				CLANG_ENABLE_OBJC_WEAK = YES;
				CLANG_WARN_BLOCK_CAPTURE_AUTORELEASING = YES;
				CLANG_WARN_BOOL_CONVERSION = YES;
				CLANG_WARN_COMMA = YES;
				CLANG_WARN_CONSTANT_CONVERSION = YES;
				CLANG_WARN_DEPRECATED_OBJC_IMPLEMENTATIONS = YES;
				CLANG_WARN_DIRECT_OBJC_ISA_USAGE = YES_ERROR;
				CLANG_WARN_DOCUMENTATION_COMMENTS = YES;
				CLANG_WARN_EMPTY_BODY = YES;
				CLANG_WARN_ENUM_CONVERSION = YES;
				CLANG_WARN_INFINITE_RECURSION = YES;
				CLANG_WARN_INT_CONVERSION = YES;
				CLANG_WARN_NON_LITERAL_NULL_CONVERSION = YES;
				CLANG_WARN_OBJC_IMPLICIT_RETAIN_SELF = YES;
				CLANG_WARN_OBJC_LITERAL_CONVERSION = YES;
				CLANG_WARN_OBJC_ROOT_CLASS = YES_ERROR;
				CLANG_WARN_QUOTED_INCLUDE_IN_FRAMEWORK_HEADER = YES;
				CLANG_WARN_RANGE_LOOP_ANALYSIS = YES;
				CLANG_WARN_STRICT_PROTOTYPES = YES;
				CLANG_WARN_SUSPICIOUS_MOVE = YES;
				CLANG_WARN_UNGUARDED_AVAILABILITY = YES_AGGRESSIVE;
				CLANG_WARN_UNREACHABLE_CODE = YES;
				CLANG_WARN__DUPLICATE_METHOD_MATCH = YES;
				COPY_PHASE_STRIP = NO;
				DEBUG_INFORMATION_FORMAT = dwarf;
				ENABLE_STRICT_OBJC_MSGSEND = YES;
				ENABLE_TESTABILITY = YES;
				GCC_C_LANGUAGE_STANDARD = gnu11;
				GCC_DYNAMIC_NO_PIC = NO;
				GCC_NO_COMMON_BLOCKS = YES;
				GCC_OPTIMIZATION_LEVEL = 0;
				GCC_PREPROCESSOR_DEFINITIONS = (
					"DEBUG=1",
					"$(inherited)",
				);
				GCC_WARN_64_TO_32_BIT_CONVERSION = YES;
				GCC_WARN_ABOUT_RETURN_TYPE = YES_ERROR;
				GCC_WARN_UNDECLARED_SELECTOR = YES;
				GCC_WARN_UNINITIALIZED_AUTOS = YES_AGGRESSIVE;
				GCC_WARN_UNUSED_FUNCTION = YES;
				GCC_WARN_UNUSED_VARIABLE = YES;
				IPHONEOS_DEPLOYMENT_TARGET = 16.4;
				MTL_ENABLE_DEBUG_INFO = INCLUDE_SOURCE;
				MTL_FAST_MATH = YES;
				ONLY_ACTIVE_ARCH = YES;
				SDKROOT = iphoneos;
				SWIFT_ACTIVE_COMPILATION_CONDITIONS = DEBUG;
				SWIFT_OPTIMIZATION_LEVEL = "-Onone";
			};
			name = Debug;
		};
		2732142D2AA6CAC7009E67F6 /* Release */ = {
			isa = XCBuildConfiguration;
			buildSettings = {
				ALWAYS_SEARCH_USER_PATHS = NO;
				CLANG_ANALYZER_NONNULL = YES;
				CLANG_ANALYZER_NUMBER_OBJECT_CONVERSION = YES_AGGRESSIVE;
				CLANG_CXX_LANGUAGE_STANDARD = "gnu++20";
				CLANG_ENABLE_MODULES = YES;
				CLANG_ENABLE_OBJC_ARC = YES;
				CLANG_ENABLE_OBJC_WEAK = YES;
				CLANG_WARN_BLOCK_CAPTURE_AUTORELEASING = YES;
				CLANG_WARN_BOOL_CONVERSION = YES;
				CLANG_WARN_COMMA = YES;
				CLANG_WARN_CONSTANT_CONVERSION = YES;
				CLANG_WARN_DEPRECATED_OBJC_IMPLEMENTATIONS = YES;
				CLANG_WARN_DIRECT_OBJC_ISA_USAGE = YES_ERROR;
				CLANG_WARN_DOCUMENTATION_COMMENTS = YES;
				CLANG_WARN_EMPTY_BODY = YES;
				CLANG_WARN_ENUM_CONVERSION = YES;
				CLANG_WARN_INFINITE_RECURSION = YES;
				CLANG_WARN_INT_CONVERSION = YES;
				CLANG_WARN_NON_LITERAL_NULL_CONVERSION = YES;
				CLANG_WARN_OBJC_IMPLICIT_RETAIN_SELF = YES;
				CLANG_WARN_OBJC_LITERAL_CONVERSION = YES;
				CLANG_WARN_OBJC_ROOT_CLASS = YES_ERROR;
				CLANG_WARN_QUOTED_INCLUDE_IN_FRAMEWORK_HEADER = YES;
				CLANG_WARN_RANGE_LOOP_ANALYSIS = YES;
				CLANG_WARN_STRICT_PROTOTYPES = YES;
				CLANG_WARN_SUSPICIOUS_MOVE = YES;
				CLANG_WARN_UNGUARDED_AVAILABILITY = YES_AGGRESSIVE;
				CLANG_WARN_UNREACHABLE_CODE = YES;
				CLANG_WARN__DUPLICATE_METHOD_MATCH = YES;
				COPY_PHASE_STRIP = NO;
				DEBUG_INFORMATION_FORMAT = "dwarf-with-dsym";
				ENABLE_NS_ASSERTIONS = NO;
				ENABLE_STRICT_OBJC_MSGSEND = YES;
				GCC_C_LANGUAGE_STANDARD = gnu11;
				GCC_NO_COMMON_BLOCKS = YES;
				GCC_WARN_64_TO_32_BIT_CONVERSION = YES;
				GCC_WARN_ABOUT_RETURN_TYPE = YES_ERROR;
				GCC_WARN_UNDECLARED_SELECTOR = YES;
				GCC_WARN_UNINITIALIZED_AUTOS = YES_AGGRESSIVE;
				GCC_WARN_UNUSED_FUNCTION = YES;
				GCC_WARN_UNUSED_VARIABLE = YES;
				IPHONEOS_DEPLOYMENT_TARGET = 16.4;
				MTL_ENABLE_DEBUG_INFO = NO;
				MTL_FAST_MATH = YES;
				SDKROOT = iphoneos;
				SWIFT_COMPILATION_MODE = wholemodule;
				SWIFT_OPTIMIZATION_LEVEL = "-O";
				VALIDATE_PRODUCT = YES;
			};
			name = Release;
		};
		2732142F2AA6CAC7009E67F6 /* Debug */ = {
			isa = XCBuildConfiguration;
			buildSettings = {
				ASSETCATALOG_COMPILER_APPICON_NAME = AppIcon;
				ASSETCATALOG_COMPILER_GLOBAL_ACCENT_COLOR_NAME = AccentColor;
				CODE_SIGN_STYLE = Automatic;
				CURRENT_PROJECT_VERSION = 1;
				DEVELOPMENT_ASSET_PATHS = "\"Rizzi/Preview Content\"";
				DEVELOPMENT_TEAM = QP38GAQ82K;
				ENABLE_PREVIEWS = YES;
				GENERATE_INFOPLIST_FILE = YES;
				INFOPLIST_KEY_UIApplicationSceneManifest_Generation = YES;
				INFOPLIST_KEY_UIApplicationSupportsIndirectInputEvents = YES;
				INFOPLIST_KEY_UILaunchScreen_Generation = YES;
				INFOPLIST_KEY_UISupportedInterfaceOrientations_iPad = "UIInterfaceOrientationPortrait UIInterfaceOrientationPortraitUpsideDown UIInterfaceOrientationLandscapeLeft UIInterfaceOrientationLandscapeRight";
				INFOPLIST_KEY_UISupportedInterfaceOrientations_iPhone = "UIInterfaceOrientationPortrait UIInterfaceOrientationLandscapeLeft UIInterfaceOrientationLandscapeRight";
				LD_RUNPATH_SEARCH_PATHS = (
					"$(inherited)",
					"@executable_path/Frameworks",
				);
				MARKETING_VERSION = 1.0;
				PRODUCT_BUNDLE_IDENTIFIER = com.mluthfi3d.Rizzi;
				PRODUCT_NAME = "$(TARGET_NAME)";
				SWIFT_EMIT_LOC_STRINGS = YES;
				SWIFT_VERSION = 5.0;
				TARGETED_DEVICE_FAMILY = "1,2";
			};
			name = Debug;
		};
		273214302AA6CAC7009E67F6 /* Release */ = {
			isa = XCBuildConfiguration;
			buildSettings = {
				ASSETCATALOG_COMPILER_APPICON_NAME = AppIcon;
				ASSETCATALOG_COMPILER_GLOBAL_ACCENT_COLOR_NAME = AccentColor;
				CODE_SIGN_STYLE = Automatic;
				CURRENT_PROJECT_VERSION = 1;
				DEVELOPMENT_ASSET_PATHS = "\"Rizzi/Preview Content\"";
				DEVELOPMENT_TEAM = QP38GAQ82K;
				ENABLE_PREVIEWS = YES;
				GENERATE_INFOPLIST_FILE = YES;
				INFOPLIST_KEY_UIApplicationSceneManifest_Generation = YES;
				INFOPLIST_KEY_UIApplicationSupportsIndirectInputEvents = YES;
				INFOPLIST_KEY_UILaunchScreen_Generation = YES;
				INFOPLIST_KEY_UISupportedInterfaceOrientations_iPad = "UIInterfaceOrientationPortrait UIInterfaceOrientationPortraitUpsideDown UIInterfaceOrientationLandscapeLeft UIInterfaceOrientationLandscapeRight";
				INFOPLIST_KEY_UISupportedInterfaceOrientations_iPhone = "UIInterfaceOrientationPortrait UIInterfaceOrientationLandscapeLeft UIInterfaceOrientationLandscapeRight";
				LD_RUNPATH_SEARCH_PATHS = (
					"$(inherited)",
					"@executable_path/Frameworks",
				);
				MARKETING_VERSION = 1.0;
				PRODUCT_BUNDLE_IDENTIFIER = com.mluthfi3d.Rizzi;
				PRODUCT_NAME = "$(TARGET_NAME)";
				SWIFT_EMIT_LOC_STRINGS = YES;
				SWIFT_VERSION = 5.0;
				TARGETED_DEVICE_FAMILY = "1,2";
			};
			name = Release;
		};
/* End XCBuildConfiguration section */

/* Begin XCConfigurationList section */
		273214162AA6CAC6009E67F6 /* Build configuration list for PBXProject "Rizzi" */ = {
			isa = XCConfigurationList;
			buildConfigurations = (
				2732142C2AA6CAC7009E67F6 /* Debug */,
				2732142D2AA6CAC7009E67F6 /* Release */,
			);
			defaultConfigurationIsVisible = 0;
			defaultConfigurationName = Release;
		};
		2732142E2AA6CAC7009E67F6 /* Build configuration list for PBXNativeTarget "Rizzi" */ = {
			isa = XCConfigurationList;
			buildConfigurations = (
				2732142F2AA6CAC7009E67F6 /* Debug */,
				273214302AA6CAC7009E67F6 /* Release */,
			);
			defaultConfigurationIsVisible = 0;
			defaultConfigurationName = Release;
		};
/* End XCConfigurationList section */

/* Begin XCVersionGroup section */
		273214292AA6CAC7009E67F6 /* Rizzi.xcdatamodeld */ = {
			isa = XCVersionGroup;
			children = (
				2732142A2AA6CAC7009E67F6 /* Rizzi.xcdatamodel */,
			);
			currentVersion = 2732142A2AA6CAC7009E67F6 /* Rizzi.xcdatamodel */;
			path = Rizzi.xcdatamodeld;
			sourceTree = "<group>";
			versionGroupType = wrapper.xcdatamodel;
		};
/* End XCVersionGroup section */
	};
	rootObject = 273214132AA6CAC6009E67F6 /* Project object */;
}
